
Microsoft Visual Studio Solution File, Format Version 12.00
# Visual Studio 14
VisualStudioVersion = 14.0.24720.0
MinimumVisualStudioVersion = 10.0.40219.1
Project("{FAE04EC0-301F-11D3-BF4B-00C04F79EFBC}") = "AdminUI", "AdminUI\AdminUI.csproj", "{0004E232-84A6-4A17-8EF4-A4813B0333B3}"
EndProject
Project("{FAE04EC0-301F-11D3-BF4B-00C04F79EFBC}") = "AdminBL", "AdminBL\AdminBL.csproj", "{E03E71A6-F7AC-4837-9033-BDC5201D3E20}"
EndProject
Project("{FAE04EC0-301F-11D3-BF4B-00C04F79EFBC}") = "AdminTO", "AdminTO\AdminTO.csproj", "{9D29E23F-6A1F-40AE-BF36-AD4A7E7F1ED1}"
EndProject
Project("{FAE04EC0-301F-11D3-BF4B-00C04F79EFBC}") = "AdminDAO", "AdminDAO\AdminDAO.csproj", "{B62FB13C-7D4B-45DC-9474-168962140C95}"
EndProject
Project("{2150E333-8FDC-42A3-9474-1A3956D46DE8}") = "img", "img", "{4E1403E5-7BE2-4D46-AB8A-0A935A1D6655}"
EndProject
Global
	GlobalSection(SolutionConfigurationPlatforms) = preSolution
		Debug|Any CPU = Debug|Any CPU
		Release|Any CPU = Release|Any CPU
	EndGlobalSection
	GlobalSection(ProjectConfigurationPlatforms) = postSolution
		{0004E232-84A6-4A17-8EF4-A4813B0333B3}.Debug|Any CPU.ActiveCfg = Debug|Any CPU
		{0004E232-84A6-4A17-8EF4-A4813B0333B3}.Debug|Any CPU.Build.0 = Debug|Any CPU
		{0004E232-84A6-4A17-8EF4-A4813B0333B3}.Release|Any CPU.ActiveCfg = Release|Any CPU
		{0004E232-84A6-4A17-8EF4-A4813B0333B3}.Release|Any CPU.Build.0 = Release|Any CPU
		{E03E71A6-F7AC-4837-9033-BDC5201D3E20}.Debug|Any CPU.ActiveCfg = Debug|Any CPU
		{E03E71A6-F7AC-4837-9033-BDC5201D3E20}.Debug|Any CPU.Build.0 = Debug|Any CPU
		{E03E71A6-F7AC-4837-9033-BDC5201D3E20}.Release|Any CPU.ActiveCfg = Release|Any CPU
		{E03E71A6-F7AC-4837-9033-BDC5201D3E20}.Release|Any CPU.Build.0 = Release|Any CPU
		{9D29E23F-6A1F-40AE-BF36-AD4A7E7F1ED1}.Debug|Any CPU.ActiveCfg = Debug|Any CPU
		{9D29E23F-6A1F-40AE-BF36-AD4A7E7F1ED1}.Debug|Any CPU.Build.0 = Debug|Any CPU
		{9D29E23F-6A1F-40AE-BF36-AD4A7E7F1ED1}.Release|Any CPU.ActiveCfg = Release|Any CPU
		{9D29E23F-6A1F-40AE-BF36-AD4A7E7F1ED1}.Release|Any CPU.Build.0 = Release|Any CPU
		{B62FB13C-7D4B-45DC-9474-168962140C95}.Debug|Any CPU.ActiveCfg = Debug|Any CPU
		{B62FB13C-7D4B-45DC-9474-168962140C95}.Debug|Any CPU.Build.0 = Debug|Any CPU
		{B62FB13C-7D4B-45DC-9474-168962140C95}.Release|Any CPU.ActiveCfg = Release|Any CPU
		{B62FB13C-7D4B-45DC-9474-168962140C95}.Release|Any CPU.Build.0 = Release|Any CPU
	EndGlobalSection
	GlobalSection(SolutionProperties) = preSolution
		HideSolutionNode = FALSE
	EndGlobalSection
EndGlobal
